
Microsoft Visual Studio Solution File, Format Version 12.00
# Visual Studio Version 17
VisualStudioVersion = 17.1.32319.34
MinimumVisualStudioVersion = 10.0.40219.1
Project("{9A19103F-16F7-4668-BE54-9A1E7A4F7556}") = "CoffeeService.Server", "CoffeeService\Server\CoffeeService.Server.csproj", "{138DF90F-1C97-4B94-9ACF-530E186EBB28}"
EndProject
Project("{9A19103F-16F7-4668-BE54-9A1E7A4F7556}") = "CoffeeService.Client", "CoffeeService\Client\CoffeeService.Client.csproj", "{6B747CBD-1465-4558-823F-E1A3A3B32445}"
EndProject
Project("{9A19103F-16F7-4668-BE54-9A1E7A4F7556}") = "CoffeeService.Shared", "CoffeeService\Shared\CoffeeService.Shared.csproj", "{F3C97614-88FB-4F3A-841D-2CDE2F338F1F}"
EndProject
Global
	GlobalSection(SolutionConfigurationPlatforms) = preSolution
		Debug|Any CPU = Debug|Any CPU
		Release|Any CPU = Release|Any CPU
	EndGlobalSection
	GlobalSection(ProjectConfigurationPlatforms) = postSolution
		{138DF90F-1C97-4B94-9ACF-530E186EBB28}.Debug|Any CPU.ActiveCfg = Debug|Any CPU
		{138DF90F-1C97-4B94-9ACF-530E186EBB28}.Debug|Any CPU.Build.0 = Debug|Any CPU
		{138DF90F-1C97-4B94-9ACF-530E186EBB28}.Release|Any CPU.ActiveCfg = Release|Any CPU
		{138DF90F-1C97-4B94-9ACF-530E186EBB28}.Release|Any CPU.Build.0 = Release|Any CPU
		{6B747CBD-1465-4558-823F-E1A3A3B32445}.Debug|Any CPU.ActiveCfg = Debug|Any CPU
		{6B747CBD-1465-4558-823F-E1A3A3B32445}.Debug|Any CPU.Build.0 = Debug|Any CPU
		{6B747CBD-1465-4558-823F-E1A3A3B32445}.Release|Any CPU.ActiveCfg = Release|Any CPU
		{6B747CBD-1465-4558-823F-E1A3A3B32445}.Release|Any CPU.Build.0 = Release|Any CPU
		{F3C97614-88FB-4F3A-841D-2CDE2F338F1F}.Debug|Any CPU.ActiveCfg = Debug|Any CPU
		{F3C97614-88FB-4F3A-841D-2CDE2F338F1F}.Debug|Any CPU.Build.0 = Debug|Any CPU
		{F3C97614-88FB-4F3A-841D-2CDE2F338F1F}.Release|Any CPU.ActiveCfg = Release|Any CPU
		{F3C97614-88FB-4F3A-841D-2CDE2F338F1F}.Release|Any CPU.Build.0 = Release|Any CPU
	EndGlobalSection
	GlobalSection(SolutionProperties) = preSolution
		HideSolutionNode = FALSE
	EndGlobalSection
	GlobalSection(ExtensibilityGlobals) = postSolution
		SolutionGuid = {314F89C4-7675-4A77-A2F7-31907D797934}
	EndGlobalSection
EndGlobal
